
Microsoft Visual Studio Solution File, Format Version 12.00
# Visual Studio Version 17
VisualStudioVersion = 17.14.36109.1 d17.14
MinimumVisualStudioVersion = 10.0.40219.1
Project("{FAE04EC0-301F-11D3-BF4B-00C04F79EFBC}") = "LdapSecurityTester", "LdapSecurityTester.csproj", "{2F018CC3-0C4C-8F79-656E-2120ECA619EA}"
EndProject
Global
	GlobalSection(SolutionConfigurationPlatforms) = preSolution
		Debug|Any CPU = Debug|Any CPU
		Release|Any CPU = Release|Any CPU
	EndGlobalSection
	GlobalSection(ProjectConfigurationPlatforms) = postSolution
		{2F018CC3-0C4C-8F79-656E-2120ECA619EA}.Debug|Any CPU.ActiveCfg = Debug|Any CPU
		{2F018CC3-0C4C-8F79-656E-2120ECA619EA}.Debug|Any CPU.Build.0 = Debug|Any CPU
		{2F018CC3-0C4C-8F79-656E-2120ECA619EA}.Release|Any CPU.ActiveCfg = Release|Any CPU
		{2F018CC3-0C4C-8F79-656E-2120ECA619EA}.Release|Any CPU.Build.0 = Release|Any CPU
	EndGlobalSection
	GlobalSection(SolutionProperties) = preSolution
		HideSolutionNode = FALSE
	EndGlobalSection
	GlobalSection(ExtensibilityGlobals) = postSolution
		SolutionGuid = {CCBC0F3C-5D6B-4E9E-A837-371DECFB9D73}
	EndGlobalSection
EndGlobal
